
Microsoft Visual Studio Solution File, Format Version 12.00
# Visual Studio Version 16
VisualStudioVersion = 16.0.29709.97
MinimumVisualStudioVersion = 10.0.40219.1
Project("{2150E333-8FDC-42A3-9474-1A3956D46DE8}") = "Application", "Application", "{85DEECE2-48AD-4647-99E2-1AFF3F71564A}"
EndProject
Project("{2150E333-8FDC-42A3-9474-1A3956D46DE8}") = "Domain", "Domain", "{5B2F41CA-2156-4331-96DC-FD3857FC8987}"
EndProject
Project("{2150E333-8FDC-42A3-9474-1A3956D46DE8}") = "Infra.IoC", "Infra.IoC", "{7CE8FF24-BF1C-471A-8B0D-1AA9E94FA062}"
EndProject
Project("{2150E333-8FDC-42A3-9474-1A3956D46DE8}") = "Infra.Data", "Infra.Data", "{5EFEFBF7-D1B8-4C60-8DDA-1F19ECD43ADD}"
EndProject
Project("{2150E333-8FDC-42A3-9474-1A3956D46DE8}") = "Presentation", "Presentation", "{FDF19619-2EB3-44EB-AC64-8C4025EC9377}"
EndProject
Project("{9A19103F-16F7-4668-BE54-9A1E7A4F7556}") = "CleanArch.Mvc", "CleanArch.Mvc\CleanArch.Mvc.csproj", "{CC4CEDF8-C289-4579-B1C1-270B3D88EBC6}"
EndProject
Project("{9A19103F-16F7-4668-BE54-9A1E7A4F7556}") = "CleanArch.Domain", "CleanArch.Domain\CleanArch.Domain.csproj", "{EB283906-CC27-4BDC-8EFB-D75FE5EC98E7}"
EndProject
Project("{9A19103F-16F7-4668-BE54-9A1E7A4F7556}") = "CleanArch.Infra.Data", "CleanArch.Infra.Data\CleanArch.Infra.Data.csproj", "{A35769E2-F08A-4D47-8FB2-1995E083D36E}"
EndProject
Project("{9A19103F-16F7-4668-BE54-9A1E7A4F7556}") = "CleanArch.Application", "CleanArch.Application\CleanArch.Application.csproj", "{C737ECE4-49B0-4277-9A60-F42EEEE5DE28}"
EndProject
Project("{9A19103F-16F7-4668-BE54-9A1E7A4F7556}") = "CleanArch.Infra.IoC", "CleanArch.Infra.IoC\CleanArch.Infra.IoC.csproj", "{EC2CD794-58EA-43C3-B26A-87723075957A}"
EndProject
Project("{2150E333-8FDC-42A3-9474-1A3956D46DE8}") = "Infra.Bus", "Infra.Bus", "{F48F9B57-613D-43EA-9CA4-48451524A50E}"
EndProject
Project("{2150E333-8FDC-42A3-9474-1A3956D46DE8}") = "Api", "Api", "{F0F4C4F8-A836-4FED-A4CA-0781B53B1324}"
EndProject
Global
	GlobalSection(SolutionConfigurationPlatforms) = preSolution
		Debug|Any CPU = Debug|Any CPU
		Release|Any CPU = Release|Any CPU
	EndGlobalSection
	GlobalSection(ProjectConfigurationPlatforms) = postSolution
		{CC4CEDF8-C289-4579-B1C1-270B3D88EBC6}.Debug|Any CPU.ActiveCfg = Debug|Any CPU
		{CC4CEDF8-C289-4579-B1C1-270B3D88EBC6}.Debug|Any CPU.Build.0 = Debug|Any CPU
		{CC4CEDF8-C289-4579-B1C1-270B3D88EBC6}.Release|Any CPU.ActiveCfg = Release|Any CPU
		{CC4CEDF8-C289-4579-B1C1-270B3D88EBC6}.Release|Any CPU.Build.0 = Release|Any CPU
		{EB283906-CC27-4BDC-8EFB-D75FE5EC98E7}.Debug|Any CPU.ActiveCfg = Debug|Any CPU
		{EB283906-CC27-4BDC-8EFB-D75FE5EC98E7}.Debug|Any CPU.Build.0 = Debug|Any CPU
		{EB283906-CC27-4BDC-8EFB-D75FE5EC98E7}.Release|Any CPU.ActiveCfg = Release|Any CPU
		{EB283906-CC27-4BDC-8EFB-D75FE5EC98E7}.Release|Any CPU.Build.0 = Release|Any CPU
		{A35769E2-F08A-4D47-8FB2-1995E083D36E}.Debug|Any CPU.ActiveCfg = Debug|Any CPU
		{A35769E2-F08A-4D47-8FB2-1995E083D36E}.Debug|Any CPU.Build.0 = Debug|Any CPU
		{A35769E2-F08A-4D47-8FB2-1995E083D36E}.Release|Any CPU.ActiveCfg = Release|Any CPU
		{A35769E2-F08A-4D47-8FB2-1995E083D36E}.Release|Any CPU.Build.0 = Release|Any CPU
		{C737ECE4-49B0-4277-9A60-F42EEEE5DE28}.Debug|Any CPU.ActiveCfg = Debug|Any CPU
		{C737ECE4-49B0-4277-9A60-F42EEEE5DE28}.Debug|Any CPU.Build.0 = Debug|Any CPU
		{C737ECE4-49B0-4277-9A60-F42EEEE5DE28}.Release|Any CPU.ActiveCfg = Release|Any CPU
		{C737ECE4-49B0-4277-9A60-F42EEEE5DE28}.Release|Any CPU.Build.0 = Release|Any CPU
		{EC2CD794-58EA-43C3-B26A-87723075957A}.Debug|Any CPU.ActiveCfg = Debug|Any CPU
		{EC2CD794-58EA-43C3-B26A-87723075957A}.Debug|Any CPU.Build.0 = Debug|Any CPU
		{EC2CD794-58EA-43C3-B26A-87723075957A}.Release|Any CPU.ActiveCfg = Release|Any CPU
		{EC2CD794-58EA-43C3-B26A-87723075957A}.Release|Any CPU.Build.0 = Release|Any CPU
	EndGlobalSection
	GlobalSection(SolutionProperties) = preSolution
		HideSolutionNode = FALSE
	EndGlobalSection
	GlobalSection(NestedProjects) = preSolution
		{CC4CEDF8-C289-4579-B1C1-270B3D88EBC6} = {FDF19619-2EB3-44EB-AC64-8C4025EC9377}
		{EB283906-CC27-4BDC-8EFB-D75FE5EC98E7} = {5B2F41CA-2156-4331-96DC-FD3857FC8987}
		{A35769E2-F08A-4D47-8FB2-1995E083D36E} = {5EFEFBF7-D1B8-4C60-8DDA-1F19ECD43ADD}
		{C737ECE4-49B0-4277-9A60-F42EEEE5DE28} = {85DEECE2-48AD-4647-99E2-1AFF3F71564A}
		{EC2CD794-58EA-43C3-B26A-87723075957A} = {7CE8FF24-BF1C-471A-8B0D-1AA9E94FA062}
	EndGlobalSection
	GlobalSection(ExtensibilityGlobals) = postSolution
		SolutionGuid = {660EAB0F-C20B-4FC3-92D7-F401360DB2B5}
	EndGlobalSection
EndGlobal
